
Microsoft Visual Studio Solution File, Format Version 12.00
# Visual Studio Version 17
VisualStudioVersion = 17.5.33414.496
MinimumVisualStudioVersion = 10.0.40219.1
Project("{9A19103F-16F7-4668-BE54-9A1E7A4F7556}") = "ReSeed", "ReSeed\ReSeed.csproj", "{77F08C98-C56C-4E95-90E5-A7976BB4D84A}"
EndProject
Global
	GlobalSection(SolutionConfigurationPlatforms) = preSolution
		Debug|Any CPU = Debug|Any CPU
		Release|Any CPU = Release|Any CPU
	EndGlobalSection
	GlobalSection(ProjectConfigurationPlatforms) = postSolution
		{77F08C98-C56C-4E95-90E5-A7976BB4D84A}.Debug|Any CPU.ActiveCfg = Debug|Any CPU
		{77F08C98-C56C-4E95-90E5-A7976BB4D84A}.Debug|Any CPU.Build.0 = Debug|Any CPU
		{77F08C98-C56C-4E95-90E5-A7976BB4D84A}.Release|Any CPU.ActiveCfg = Release|Any CPU
		{77F08C98-C56C-4E95-90E5-A7976BB4D84A}.Release|Any CPU.Build.0 = Release|Any CPU
	EndGlobalSection
	GlobalSection(SolutionProperties) = preSolution
		HideSolutionNode = FALSE
	EndGlobalSection
	GlobalSection(ExtensibilityGlobals) = postSolution
		SolutionGuid = {76F69602-2369-4EDD-9C95-397415D71B42}
	EndGlobalSection
EndGlobal
